
Microsoft Visual Studio Solution File, Format Version 12.00
# Visual Studio Version 16
VisualStudioVersion = 16.0.33027.164
MinimumVisualStudioVersion = 10.0.40219.1
Project("{FAE04EC0-301F-11D3-BF4B-00C04F79EFBC}") = "AD Unlocker", "AD Unlocker\AD Unlocker.csproj", "{03793131-BBBB-4EA4-BF39-8FEC85119846}"
EndProject
Global
	GlobalSection(SolutionConfigurationPlatforms) = preSolution
		Debug|Any CPU = Debug|Any CPU
		Release|Any CPU = Release|Any CPU
	EndGlobalSection
	GlobalSection(ProjectConfigurationPlatforms) = postSolution
		{03793131-BBBB-4EA4-BF39-8FEC85119846}.Debug|Any CPU.ActiveCfg = Debug|Any CPU
		{03793131-BBBB-4EA4-BF39-8FEC85119846}.Debug|Any CPU.Build.0 = Debug|Any CPU
		{03793131-BBBB-4EA4-BF39-8FEC85119846}.Release|Any CPU.ActiveCfg = Release|Any CPU
		{03793131-BBBB-4EA4-BF39-8FEC85119846}.Release|Any CPU.Build.0 = Release|Any CPU
	EndGlobalSection
	GlobalSection(SolutionProperties) = preSolution
		HideSolutionNode = FALSE
	EndGlobalSection
	GlobalSection(ExtensibilityGlobals) = postSolution
		SolutionGuid = {38DC09B2-8B7B-4394-B425-79F70CFA1ABD}
	EndGlobalSection
EndGlobal
